
Microsoft Visual Studio Solution File, Format Version 12.00
# Visual Studio Version 17
VisualStudioVersion = 17.6.33815.320
MinimumVisualStudioVersion = 10.0.40219.1
Project("{FAE04EC0-301F-11D3-BF4B-00C04F79EFBC}") = "MyDnsClient", "MyDnsClient\MyDnsClient.csproj", "{3BD5DB5E-BA91-45A1-B14A-635B6695E9E7}"
EndProject
Global
	GlobalSection(SolutionConfigurationPlatforms) = preSolution
		Debug|Any CPU = Debug|Any CPU
		Release|Any CPU = Release|Any CPU
	EndGlobalSection
	GlobalSection(ProjectConfigurationPlatforms) = postSolution
		{3BD5DB5E-BA91-45A1-B14A-635B6695E9E7}.Debug|Any CPU.ActiveCfg = Debug|Any CPU
		{3BD5DB5E-BA91-45A1-B14A-635B6695E9E7}.Debug|Any CPU.Build.0 = Debug|Any CPU
		{3BD5DB5E-BA91-45A1-B14A-635B6695E9E7}.Release|Any CPU.ActiveCfg = Release|Any CPU
		{3BD5DB5E-BA91-45A1-B14A-635B6695E9E7}.Release|Any CPU.Build.0 = Release|Any CPU
	EndGlobalSection
	GlobalSection(SolutionProperties) = preSolution
		HideSolutionNode = FALSE
	EndGlobalSection
	GlobalSection(ExtensibilityGlobals) = postSolution
		SolutionGuid = {7D98FEB6-9A0E-4365-847B-60DA1BFC906A}
	EndGlobalSection
EndGlobal
